
Microsoft Visual Studio Solution File, Format Version 12.00
# Visual Studio Version 17
VisualStudioVersion = 17.4.33122.133
MinimumVisualStudioVersion = 10.0.40219.1
Project("{FAE04EC0-301F-11D3-BF4B-00C04F79EFBC}") = "dz 8 seminar", "dz 8 seminar\dz 8 seminar.csproj", "{A72F97E8-6E02-474D-BABD-71BA3A580ACB}"
EndProject
Project("{FAE04EC0-301F-11D3-BF4B-00C04F79EFBC}") = "ConsoleApp1", "ConsoleApp1\ConsoleApp1.csproj", "{BA637A5D-C382-4A97-B8AC-DA9AE64E0F47}"
EndProject
Project("{FAE04EC0-301F-11D3-BF4B-00C04F79EFBC}") = "ConsoleApp2", "ConsoleApp2\ConsoleApp2.csproj", "{14B6FA2B-4D2B-44ED-BF0B-E3A545913C19}"
EndProject
Project("{FAE04EC0-301F-11D3-BF4B-00C04F79EFBC}") = "ConsoleApp3", "ConsoleApp3\ConsoleApp3.csproj", "{0AA567A7-0AB0-4F33-A09E-B20BD1FA0783}"
EndProject
Project("{FAE04EC0-301F-11D3-BF4B-00C04F79EFBC}") = "ConsoleApp4", "ConsoleApp4\ConsoleApp4.csproj", "{5735D5B0-CF61-4A89-962C-2065EC305F7B}"
EndProject
Global
	GlobalSection(SolutionConfigurationPlatforms) = preSolution
		Debug|Any CPU = Debug|Any CPU
		Release|Any CPU = Release|Any CPU
	EndGlobalSection
	GlobalSection(ProjectConfigurationPlatforms) = postSolution
		{A72F97E8-6E02-474D-BABD-71BA3A580ACB}.Debug|Any CPU.ActiveCfg = Debug|Any CPU
		{A72F97E8-6E02-474D-BABD-71BA3A580ACB}.Debug|Any CPU.Build.0 = Debug|Any CPU
		{A72F97E8-6E02-474D-BABD-71BA3A580ACB}.Release|Any CPU.ActiveCfg = Release|Any CPU
		{A72F97E8-6E02-474D-BABD-71BA3A580ACB}.Release|Any CPU.Build.0 = Release|Any CPU
		{BA637A5D-C382-4A97-B8AC-DA9AE64E0F47}.Debug|Any CPU.ActiveCfg = Debug|Any CPU
		{BA637A5D-C382-4A97-B8AC-DA9AE64E0F47}.Debug|Any CPU.Build.0 = Debug|Any CPU
		{BA637A5D-C382-4A97-B8AC-DA9AE64E0F47}.Release|Any CPU.ActiveCfg = Release|Any CPU
		{BA637A5D-C382-4A97-B8AC-DA9AE64E0F47}.Release|Any CPU.Build.0 = Release|Any CPU
		{14B6FA2B-4D2B-44ED-BF0B-E3A545913C19}.Debug|Any CPU.ActiveCfg = Debug|Any CPU
		{14B6FA2B-4D2B-44ED-BF0B-E3A545913C19}.Debug|Any CPU.Build.0 = Debug|Any CPU
		{14B6FA2B-4D2B-44ED-BF0B-E3A545913C19}.Release|Any CPU.ActiveCfg = Release|Any CPU
		{14B6FA2B-4D2B-44ED-BF0B-E3A545913C19}.Release|Any CPU.Build.0 = Release|Any CPU
		{0AA567A7-0AB0-4F33-A09E-B20BD1FA0783}.Debug|Any CPU.ActiveCfg = Debug|Any CPU
		{0AA567A7-0AB0-4F33-A09E-B20BD1FA0783}.Debug|Any CPU.Build.0 = Debug|Any CPU
		{0AA567A7-0AB0-4F33-A09E-B20BD1FA0783}.Release|Any CPU.ActiveCfg = Release|Any CPU
		{0AA567A7-0AB0-4F33-A09E-B20BD1FA0783}.Release|Any CPU.Build.0 = Release|Any CPU
		{5735D5B0-CF61-4A89-962C-2065EC305F7B}.Debug|Any CPU.ActiveCfg = Debug|Any CPU
		{5735D5B0-CF61-4A89-962C-2065EC305F7B}.Debug|Any CPU.Build.0 = Debug|Any CPU
		{5735D5B0-CF61-4A89-962C-2065EC305F7B}.Release|Any CPU.ActiveCfg = Release|Any CPU
		{5735D5B0-CF61-4A89-962C-2065EC305F7B}.Release|Any CPU.Build.0 = Release|Any CPU
	EndGlobalSection
	GlobalSection(SolutionProperties) = preSolution
		HideSolutionNode = FALSE
	EndGlobalSection
	GlobalSection(ExtensibilityGlobals) = postSolution
		SolutionGuid = {07038F1B-1089-438E-BA47-B8EBCBDD96EC}
	EndGlobalSection
EndGlobal
